
Microsoft Visual Studio Solution File, Format Version 12.00
# Visual Studio 15
VisualStudioVersion = 15.0.28307.1022
MinimumVisualStudioVersion = 10.0.40219.1
Project("{8BC9CEB8-8B4A-11D0-8D11-00A0C91BC942}") = "BTMaker", "t01_first_tree_static.vcxproj", "{3315B7A0-EF2B-47D7-85EF-FF3828BBD477}"
EndProject
Global
	GlobalSection(SolutionConfigurationPlatforms) = preSolution
		Debug|x86 = Debug|x86
		MinSizeRel|x86 = MinSizeRel|x86
		Release|x86 = Release|x86
		RelWithDebInfo|x86 = RelWithDebInfo|x86
	EndGlobalSection
	GlobalSection(ProjectConfigurationPlatforms) = postSolution
		{3315B7A0-EF2B-47D7-85EF-FF3828BBD477}.Debug|x86.ActiveCfg = Debug|Win32
		{3315B7A0-EF2B-47D7-85EF-FF3828BBD477}.Debug|x86.Build.0 = Debug|Win32
		{3315B7A0-EF2B-47D7-85EF-FF3828BBD477}.MinSizeRel|x86.ActiveCfg = MinSizeRel|Win32
		{3315B7A0-EF2B-47D7-85EF-FF3828BBD477}.MinSizeRel|x86.Build.0 = MinSizeRel|Win32
		{3315B7A0-EF2B-47D7-85EF-FF3828BBD477}.Release|x86.ActiveCfg = Release|Win32
		{3315B7A0-EF2B-47D7-85EF-FF3828BBD477}.Release|x86.Build.0 = Release|Win32
		{3315B7A0-EF2B-47D7-85EF-FF3828BBD477}.RelWithDebInfo|x86.ActiveCfg = RelWithDebInfo|Win32
		{3315B7A0-EF2B-47D7-85EF-FF3828BBD477}.RelWithDebInfo|x86.Build.0 = RelWithDebInfo|Win32
	EndGlobalSection
	GlobalSection(SolutionProperties) = preSolution
		HideSolutionNode = FALSE
	EndGlobalSection
	GlobalSection(ExtensibilityGlobals) = postSolution
		SolutionGuid = {E449A196-6150-4C4E-8ED1-38C8515711A3}
	EndGlobalSection
EndGlobal
