<?xml version="1.0" encoding="utf-8"?>
<Project ToolsVersion="15.0" xmlns="http://schemas.microsoft.com/developer/msbuild/2003">
  <ItemGroup>
    <CustomBuild Include="C:\Users\Marcus\Downloads\BehaviorTree.CPP-ros2-3.1.1\BehaviorTree.CPP-ros2-3.1.1\builds\CMakeFiles\c2472a16e54d5aaba370db58ad3ab29a\INSTALL_force.rule">
      <Filter>CMake Rules</Filter>
    </CustomBuild>
  </ItemGroup>
  <ItemGroup>
    <Filter Include="CMake Rules">
      <UniqueIdentifier>{6A4B382B-AC7C-36DE-B781-096C869AA797}</UniqueIdentifier>
    </Filter>
  </ItemGroup>
</Project>
